{
    "name": "highlightjs-sdbl",
    "version": "0.1.0",
    "lockfileVersion": 3,
    "requires": true,
    "packages": {
        "": {
            "name": "highlightjs-sdbl",
            "version": "0.1.0",
            "license": "BSD-3-Clause",
            "devDependencies": {
                "highlight.js": "^10.7.1"
            }
        },
        "node_modules/highlight.js": {
            "version": "10.7.3",
            "resolved": "https://registry.npmjs.org/highlight.js/-/highlight.js-10.7.3.tgz",
            "integrity": "sha512-tzcUFauisWKNHaRkN4Wjl/ZA07gENAjFl3J/c480dprkGTg5EQstgaNFqBfUqCq54kZRIEcreTsAgF/m2quD7A==",
            "dev": true,
            "license": "BSD-3-Clause",
            "engines": {
                "node": "*"
            }
        }
    }
}
